
Microsoft Visual Studio Solution File, Format Version 12.00
# Visual Studio Version 17
VisualStudioVersion = 17.4.33205.214
MinimumVisualStudioVersion = 10.0.40219.1
Project("{FAE04EC0-301F-11D3-BF4B-00C04F79EFBC}") = "LoveAlgorithm", "LoveAlgorithm\LoveAlgorithm.csproj", "{10DA38F4-E3CF-49FA-BAFC-7B3E110062E8}"
EndProject
Project("{FAE04EC0-301F-11D3-BF4B-00C04F79EFBC}") = "LoveAlgorithm.UnitTests", "LoveAlgorithm.UnitTests\LoveAlgorithm.UnitTests.csproj", "{60CEE3B0-8769-447F-A34B-51CF71E69758}"
EndProject
Global
	GlobalSection(SolutionConfigurationPlatforms) = preSolution
		Debug|Any CPU = Debug|Any CPU
		Release|Any CPU = Release|Any CPU
	EndGlobalSection
	GlobalSection(ProjectConfigurationPlatforms) = postSolution
		{10DA38F4-E3CF-49FA-BAFC-7B3E110062E8}.Debug|Any CPU.ActiveCfg = Debug|Any CPU
		{10DA38F4-E3CF-49FA-BAFC-7B3E110062E8}.Debug|Any CPU.Build.0 = Debug|Any CPU
		{10DA38F4-E3CF-49FA-BAFC-7B3E110062E8}.Release|Any CPU.ActiveCfg = Release|Any CPU
		{10DA38F4-E3CF-49FA-BAFC-7B3E110062E8}.Release|Any CPU.Build.0 = Release|Any CPU
		{60CEE3B0-8769-447F-A34B-51CF71E69758}.Debug|Any CPU.ActiveCfg = Debug|Any CPU
		{60CEE3B0-8769-447F-A34B-51CF71E69758}.Debug|Any CPU.Build.0 = Debug|Any CPU
		{60CEE3B0-8769-447F-A34B-51CF71E69758}.Release|Any CPU.ActiveCfg = Release|Any CPU
		{60CEE3B0-8769-447F-A34B-51CF71E69758}.Release|Any CPU.Build.0 = Release|Any CPU
	EndGlobalSection
	GlobalSection(SolutionProperties) = preSolution
		HideSolutionNode = FALSE
	EndGlobalSection
	GlobalSection(ExtensibilityGlobals) = postSolution
		SolutionGuid = {1CAFA188-7C33-4FD4-B960-6410F4FAC877}
	EndGlobalSection
EndGlobal
